// !$*UTF8*$!
{
	archiveVersion = 1;
	classes = {
	};
	objectVersion = 54;
	objects = {

/* Begin PBXBuildFile section */
		00E356F31AD99517003FC87E /* instatipTests.m in Sources */ = {isa = PBXBuildFile; fileRef = 00E356F21AD99517003FC87E /* instatipTests.m */; };
		0C80B921A6F3F58F76C31292 /* libPods-instatip.a in Frameworks */ = {isa = PBXBuildFile; fileRef = 5DCACB8F33CDC322A6C60F78 /* libPods-instatip.a */; };
		13B07FBC1A68108700A75B9A /* AppDelegate.mm in Sources */ = {isa = PBXBuildFile; fileRef = 13B07FB01A68108700A75B9A /* AppDelegate.mm */; };
		13B07FBF1A68108700A75B9A /* Images.xcassets in Resources */ = {isa = PBXBuildFile; fileRef = 13B07FB51A68108700A75B9A /* Images.xcassets */; };
		13B07FC11A68108700A75B9A /* main.m in Sources */ = {isa = PBXBuildFile; fileRef = 13B07FB71A68108700A75B9A /* main.m */; };
		7699B88040F8A987B510C191 /* libPods-instatip-instatipTests.a in Frameworks */ = {isa = PBXBuildFile; fileRef = 19F6CBCC0A4E27FBF8BF4A61 /* libPods-instatip-instatipTests.a */; };
		81AB9BB82411601600AC10FF /* LaunchScreen.storyboard in Resources */ = {isa = PBXBuildFile; fileRef = 81AB9BB72411601600AC10FF /* LaunchScreen.storyboard */; };
		74E040B870454EE8B3C94A8D /* Inter-ExtraBold.ttf in Resources */ = {isa = PBXBuildFile; fileRef = 42D27BCF6F314581A3684B4A /* Inter-ExtraBold.ttf */; };
		1BB1C36711AD4276BD22E860 /* Inter-Italic.ttf in Resources */ = {isa = PBXBuildFile; fileRef = 1E2F63EE49AF4C08B3FC9DA1 /* Inter-Italic.ttf */; };
		239692D22A6147EB92B78887 /* Inter-Light.ttf in Resources */ = {isa = PBXBuildFile; fileRef = 5C2C5130CCF24323A7F47BE7 /* Inter-Light.ttf */; };
		5D967C0B5AA1444ABD2677A4 /* Inter-VariableFont.ttf in Resources */ = {isa = PBXBuildFile; fileRef = 43893966BC714C4BA6D8E490 /* Inter-VariableFont.ttf */; };
		032091C87BCC46DE9132B612 /* Outfit-Black.ttf in Resources */ = {isa = PBXBuildFile; fileRef = 7AAB1BA7DDE54B83B8032A96 /* Outfit-Black.ttf */; };
		936D0D26AD834C11B74A5575 /* Outfit-Bold.ttf in Resources */ = {isa = PBXBuildFile; fileRef = 1B12EAC4C4BF46D0AD3C6C5C /* Outfit-Bold.ttf */; };
		58BA90718EE74C6C9B270404 /* Outfit-ExtraBold.ttf in Resources */ = {isa = PBXBuildFile; fileRef = 316C7E7FEA814979B82B070C /* Outfit-ExtraBold.ttf */; };
		9037BFDE57904A0BAFD0CBC1 /* Outfit-ExtraLight.ttf in Resources */ = {isa = PBXBuildFile; fileRef = 9F3A346E640A47F1A3942ECC /* Outfit-ExtraLight.ttf */; };
		E020E08327934CC0AB6C6AAC /* Outfit-Light.ttf in Resources */ = {isa = PBXBuildFile; fileRef = 8CD4628260024449BDD128FF /* Outfit-Light.ttf */; };
		C7CC86D900EB41F5B4934D8B /* Outfit-Medium.ttf in Resources */ = {isa = PBXBuildFile; fileRef = B75434CBC8A44E84A2B720E1 /* Outfit-Medium.ttf */; };
		C7FA8D42F0044E03AD8CF9B5 /* Outfit-Regular.ttf in Resources */ = {isa = PBXBuildFile; fileRef = 256B007D9B424808A99241B7 /* Outfit-Regular.ttf */; };
		139B58C1249047CA8214A851 /* Outfit-SemiBold.ttf in Resources */ = {isa = PBXBuildFile; fileRef = DC3F9A8CB4BA44BC85E42FB1 /* Outfit-SemiBold.ttf */; };
		9A57B2670F5940E8A7AE741D /* Outfit-Thin.ttf in Resources */ = {isa = PBXBuildFile; fileRef = 2219245FCDB2474FBC585359 /* Outfit-Thin.ttf */; };
		04B553A775A040E4A7C0ECBE /* Outfit.ttf in Resources */ = {isa = PBXBuildFile; fileRef = 8C6494C5D0164B0595C9E37C /* Outfit.ttf */; };
		8E52467B14994056A848940C /* Inter-Italic-VariableFont_opsz,wght.ttf in Resources */ = {isa = PBXBuildFile; fileRef = CB4EBB8C0CC847A697036F29 /* Inter-Italic-VariableFont_opsz,wght.ttf */; };
		845A2F33CA5B4EB0BDA08BA7 /* Inter-VariableFont_opsz,wght.ttf in Resources */ = {isa = PBXBuildFile; fileRef = C1A20785DB0541CB98A38EE2 /* Inter-VariableFont_opsz,wght.ttf */; };
		EB5E78730CD74DE396CF2BD8 /* Inter_18pt-Black.ttf in Resources */ = {isa = PBXBuildFile; fileRef = 5A36958353B84B8F9D334094 /* Inter_18pt-Black.ttf */; };
		37C89A7C3C704B2E886313C3 /* Inter_18pt-BlackItalic.ttf in Resources */ = {isa = PBXBuildFile; fileRef = 0184ABE96272465F97FB5695 /* Inter_18pt-BlackItalic.ttf */; };
		85CE8ACF0DD746FDB299E943 /* Inter_18pt-Bold.ttf in Resources */ = {isa = PBXBuildFile; fileRef = 4E9E72D7DDC44F6E9578A0CA /* Inter_18pt-Bold.ttf */; };
		1FE5550CD63449F8B9CCB0F4 /* Inter_18pt-BoldItalic.ttf in Resources */ = {isa = PBXBuildFile; fileRef = C1D8CDAE59874577AE16EE5C /* Inter_18pt-BoldItalic.ttf */; };
		CCD47ADB030A4FBCA38DFCFE /* Inter_18pt-ExtraBold.ttf in Resources */ = {isa = PBXBuildFile; fileRef = AFBCAB64EED64BD89D7FDEB6 /* Inter_18pt-ExtraBold.ttf */; };
		D22760E9B2A44060A0E8A94B /* Inter_18pt-ExtraBoldItalic.ttf in Resources */ = {isa = PBXBuildFile; fileRef = A9390576958341148BA25665 /* Inter_18pt-ExtraBoldItalic.ttf */; };
		91D4E7120537477C8C03EE51 /* Inter_18pt-ExtraLight.ttf in Resources */ = {isa = PBXBuildFile; fileRef = A1C8172CC6004F94BAD15388 /* Inter_18pt-ExtraLight.ttf */; };
		D06C5329D2D1423798F60A4C /* Inter_18pt-ExtraLightItalic.ttf in Resources */ = {isa = PBXBuildFile; fileRef = 5D02DBD6E4D14B9C8D75981A /* Inter_18pt-ExtraLightItalic.ttf */; };
		B3EB4216B88F4960A45275D4 /* Inter_18pt-Italic.ttf in Resources */ = {isa = PBXBuildFile; fileRef = B474EE5A38044E5E9D9FE1E8 /* Inter_18pt-Italic.ttf */; };
		20C303FE12A645B596BD832A /* Inter_18pt-Light.ttf in Resources */ = {isa = PBXBuildFile; fileRef = 1CF36CFEE47B4770AE14CC12 /* Inter_18pt-Light.ttf */; };
		C25A338AFA024B78A052CB99 /* Inter_18pt-LightItalic.ttf in Resources */ = {isa = PBXBuildFile; fileRef = 00812796191A4E618FE29FCA /* Inter_18pt-LightItalic.ttf */; };
		ED1548F0026142CEAE739439 /* Inter_18pt-Medium.ttf in Resources */ = {isa = PBXBuildFile; fileRef = C6C2252C359F410AA26814BC /* Inter_18pt-Medium.ttf */; };
		B8B61E3B8BFC43A2A8B501A8 /* Inter_18pt-MediumItalic.ttf in Resources */ = {isa = PBXBuildFile; fileRef = 17ECAF4B790F4D499353FAAB /* Inter_18pt-MediumItalic.ttf */; };
		D9C988FEA4804DF1BBBBB6F2 /* Inter_18pt-Regular.ttf in Resources */ = {isa = PBXBuildFile; fileRef = D631C7848013403CA182CE1A /* Inter_18pt-Regular.ttf */; };
		1E510351353140EE98C3C35E /* Inter_18pt-SemiBold.ttf in Resources */ = {isa = PBXBuildFile; fileRef = 60809314C69A45F682AE096B /* Inter_18pt-SemiBold.ttf */; };
		E453247700CF4B01A3CDF83D /* Inter_18pt-SemiBoldItalic.ttf in Resources */ = {isa = PBXBuildFile; fileRef = A1BE652694994442AF54CC57 /* Inter_18pt-SemiBoldItalic.ttf */; };
		C77BFEE27960451BA840B0FF /* Inter_18pt-Thin.ttf in Resources */ = {isa = PBXBuildFile; fileRef = A32E8D9423EB4B96BBFEC059 /* Inter_18pt-Thin.ttf */; };
		8E57623863BA43AAAA7CB344 /* Inter_18pt-ThinItalic.ttf in Resources */ = {isa = PBXBuildFile; fileRef = BABC05FDB580475192CC58ED /* Inter_18pt-ThinItalic.ttf */; };
		E8DC27AE64B1498689AF28D0 /* Inter_24pt-Black.ttf in Resources */ = {isa = PBXBuildFile; fileRef = 9142F3FF170F462C83B633AD /* Inter_24pt-Black.ttf */; };
		61A7DAABE7834A039A714B17 /* Inter_24pt-BlackItalic.ttf in Resources */ = {isa = PBXBuildFile; fileRef = 16916B3B281E47C996EC8374 /* Inter_24pt-BlackItalic.ttf */; };
		9F24B579F7F3459EB3C9CC05 /* Inter_24pt-Bold.ttf in Resources */ = {isa = PBXBuildFile; fileRef = 568E569945984EAD9D3D1590 /* Inter_24pt-Bold.ttf */; };
		3A106947F87045D1893D48E2 /* Inter_24pt-BoldItalic.ttf in Resources */ = {isa = PBXBuildFile; fileRef = 1465EF11960749779CBAA6C5 /* Inter_24pt-BoldItalic.ttf */; };
		E600669C74F54644A2C29773 /* Inter_24pt-ExtraBold.ttf in Resources */ = {isa = PBXBuildFile; fileRef = E5CFB6F62AB047ED928FC4DE /* Inter_24pt-ExtraBold.ttf */; };
		C0CFBD525CFC4152B1D2B9AE /* Inter_24pt-ExtraBoldItalic.ttf in Resources */ = {isa = PBXBuildFile; fileRef = 3C86E8956E6D482EB33D799C /* Inter_24pt-ExtraBoldItalic.ttf */; };
		050158C189A545CAA046479E /* Inter_24pt-ExtraLight.ttf in Resources */ = {isa = PBXBuildFile; fileRef = 7FEB6392318D4D0A8951BEFD /* Inter_24pt-ExtraLight.ttf */; };
		CACC386F87CE4E3891236126 /* Inter_24pt-ExtraLightItalic.ttf in Resources */ = {isa = PBXBuildFile; fileRef = AAC188F27028443CAEF531A9 /* Inter_24pt-ExtraLightItalic.ttf */; };
		E003DD50688842FBB054A7AB /* Inter_24pt-Italic.ttf in Resources */ = {isa = PBXBuildFile; fileRef = F539124E733B419CAD2A6011 /* Inter_24pt-Italic.ttf */; };
		22E527C0D8774E2E8CE98337 /* Inter_24pt-Light.ttf in Resources */ = {isa = PBXBuildFile; fileRef = 10B7BE94FF384E9DB989DDF4 /* Inter_24pt-Light.ttf */; };
		3F1461CBEB714EFEB954811F /* Inter_24pt-LightItalic.ttf in Resources */ = {isa = PBXBuildFile; fileRef = 333EE5F9C2E14243AE0F32BD /* Inter_24pt-LightItalic.ttf */; };
		92DC195F3B154B2DA55EFFB1 /* Inter_24pt-Medium.ttf in Resources */ = {isa = PBXBuildFile; fileRef = 13FA7A244D254FA2BAC40C9D /* Inter_24pt-Medium.ttf */; };
		E1C4DE9558BD4C29B08A2FB1 /* Inter_24pt-MediumItalic.ttf in Resources */ = {isa = PBXBuildFile; fileRef = 9C4FEA8C6179427899313803 /* Inter_24pt-MediumItalic.ttf */; };
		5DF28B9D39B24C52AB2CDA5F /* Inter_24pt-Regular.ttf in Resources */ = {isa = PBXBuildFile; fileRef = 5F7B7C85A0DA4447922EFE45 /* Inter_24pt-Regular.ttf */; };
		3C75A666428D45F1BD04418D /* Inter_24pt-SemiBold.ttf in Resources */ = {isa = PBXBuildFile; fileRef = 35479BA10B894C44B7AF8977 /* Inter_24pt-SemiBold.ttf */; };
		59B8CB31C6C748ED925D2657 /* Inter_24pt-SemiBoldItalic.ttf in Resources */ = {isa = PBXBuildFile; fileRef = C24BE67E1DF549BEB4105E2D /* Inter_24pt-SemiBoldItalic.ttf */; };
		ED52134D1A9042A3A4F7198D /* Inter_24pt-Thin.ttf in Resources */ = {isa = PBXBuildFile; fileRef = 4CF304FA373C49A19D153AF7 /* Inter_24pt-Thin.ttf */; };
		04F05E918CA64819A8971909 /* Inter_24pt-ThinItalic.ttf in Resources */ = {isa = PBXBuildFile; fileRef = A0D240CFF72D4FE7BCD764C3 /* Inter_24pt-ThinItalic.ttf */; };
		5D698B8B5FF146ECA7E1B8E7 /* Inter_28pt-Black.ttf in Resources */ = {isa = PBXBuildFile; fileRef = 3901800CAD0449EDBB5DC214 /* Inter_28pt-Black.ttf */; };
		3B7FD7D34D8A455DBB538F31 /* Inter_28pt-BlackItalic.ttf in Resources */ = {isa = PBXBuildFile; fileRef = 9DB4E4BE1C204EFEBF293687 /* Inter_28pt-BlackItalic.ttf */; };
		B510382B5F19410CA4E9D9A8 /* Inter_28pt-Bold.ttf in Resources */ = {isa = PBXBuildFile; fileRef = 6B75080667C245B1BCBE4EEC /* Inter_28pt-Bold.ttf */; };
		5E8D2D2E5294490E982E6709 /* Inter_28pt-BoldItalic.ttf in Resources */ = {isa = PBXBuildFile; fileRef = C0D32D29A1714F1993FA0697 /* Inter_28pt-BoldItalic.ttf */; };
		37BF1F65CA624D9783234FF1 /* Inter_28pt-ExtraBold.ttf in Resources */ = {isa = PBXBuildFile; fileRef = 9E2FC631E57A4659A232D505 /* Inter_28pt-ExtraBold.ttf */; };
		BE33740A94E74F17AD39C06B /* Inter_28pt-ExtraBoldItalic.ttf in Resources */ = {isa = PBXBuildFile; fileRef = F827D8C46204482698F61834 /* Inter_28pt-ExtraBoldItalic.ttf */; };
		61F1D3E11B404E14ABC7AADF /* Inter_28pt-ExtraLight.ttf in Resources */ = {isa = PBXBuildFile; fileRef = 1DED068770E14529A5CEC659 /* Inter_28pt-ExtraLight.ttf */; };
		FA0AB2D0DA9844CCBC8C4EB0 /* Inter_28pt-ExtraLightItalic.ttf in Resources */ = {isa = PBXBuildFile; fileRef = 4F3947508D9C47FF84947F78 /* Inter_28pt-ExtraLightItalic.ttf */; };
		226B856B5FEF4156A51FC6D4 /* Inter_28pt-Italic.ttf in Resources */ = {isa = PBXBuildFile; fileRef = E35C25C178EC439DAB2BE951 /* Inter_28pt-Italic.ttf */; };
		A5E3D80A09C04049AD414F33 /* Inter_28pt-Light.ttf in Resources */ = {isa = PBXBuildFile; fileRef = 3E3FECCAE5C74CDDAD6067E8 /* Inter_28pt-Light.ttf */; };
		838FEC6D7A0E4F0B8B8E93F2 /* Inter_28pt-LightItalic.ttf in Resources */ = {isa = PBXBuildFile; fileRef = 9CA1C98F4C1F4E46B70EB17D /* Inter_28pt-LightItalic.ttf */; };
		3522D6B374B841108F52011D /* Inter_28pt-Medium.ttf in Resources */ = {isa = PBXBuildFile; fileRef = 3624E48FC64940CD900A5C61 /* Inter_28pt-Medium.ttf */; };
		CFE1E48561734B878988C1B2 /* Inter_28pt-MediumItalic.ttf in Resources */ = {isa = PBXBuildFile; fileRef = BD3DE2BEEE354169B69EE0D1 /* Inter_28pt-MediumItalic.ttf */; };
		E433877E24694528BCD33B35 /* Inter_28pt-Regular.ttf in Resources */ = {isa = PBXBuildFile; fileRef = A8588A9058B444E0876A3B57 /* Inter_28pt-Regular.ttf */; };
		E841D010A63C40379EB28E39 /* Inter_28pt-SemiBold.ttf in Resources */ = {isa = PBXBuildFile; fileRef = 7ED3D7DF3578447C8E2D60A4 /* Inter_28pt-SemiBold.ttf */; };
		8E6CA1AACD8B492D8FCA2596 /* Inter_28pt-SemiBoldItalic.ttf in Resources */ = {isa = PBXBuildFile; fileRef = B9099FB4D70A4465BD6D3265 /* Inter_28pt-SemiBoldItalic.ttf */; };
		35665B40F56A4FB49890623B /* Inter_28pt-Thin.ttf in Resources */ = {isa = PBXBuildFile; fileRef = E0A8DD1763A94AD2A2AA8F70 /* Inter_28pt-Thin.ttf */; };
		7F29EDC50FA24D4683B7D7C5 /* Inter_28pt-ThinItalic.ttf in Resources */ = {isa = PBXBuildFile; fileRef = F4FEE95A71954142B2DC49C0 /* Inter_28pt-ThinItalic.ttf */; };
		2D67647F51B3436987FF0BA4 /* Inter-Regular.ttf in Resources */ = {isa = PBXBuildFile; fileRef = 6F29DF642C6540CFA4080AE7 /* Inter-Regular.ttf */; };
		D4294E6D61904631B9E0E37A /* Inter-SemiBold.ttf in Resources */ = {isa = PBXBuildFile; fileRef = 1AF50F0318EF476AB425D648 /* Inter-SemiBold.ttf */; };
		F25CD961DACC4F808524B11A /* OFL.txt in Resources */ = {isa = PBXBuildFile; fileRef = E8A17121158C4E6B91F44CA1 /* OFL.txt */; };
		52F83E9FD02F43B5A6957E5C /* README.txt in Resources */ = {isa = PBXBuildFile; fileRef = C4ADC75B2A024CEEBAAF9A26 /* README.txt */; };
/* End PBXBuildFile section */

/* Begin PBXContainerItemProxy section */
		00E356F41AD99517003FC87E /* PBXContainerItemProxy */ = {
			isa = PBXContainerItemProxy;
			containerPortal = 83CBB9F71A601CBA00E9B192 /* Project object */;
			proxyType = 1;
			remoteGlobalIDString = 13B07F861A680F5B00A75B9A;
			remoteInfo = instatip;
		};
/* End PBXContainerItemProxy section */

/* Begin PBXFileReference section */
		00E356EE1AD99517003FC87E /* instatipTests.xctest */ = {isa = PBXFileReference; explicitFileType = wrapper.cfbundle; includeInIndex = 0; path = instatipTests.xctest; sourceTree = BUILT_PRODUCTS_DIR; };
		00E356F11AD99517003FC87E /* Info.plist */ = {isa = PBXFileReference; lastKnownFileType = text.plist.xml; path = Info.plist; sourceTree = "<group>"; };
		00E356F21AD99517003FC87E /* instatipTests.m */ = {isa = PBXFileReference; lastKnownFileType = sourcecode.c.objc; path = instatipTests.m; sourceTree = "<group>"; };
		13B07F961A680F5B00A75B9A /* instatip.app */ = {isa = PBXFileReference; explicitFileType = wrapper.application; includeInIndex = 0; path = instatip.app; sourceTree = BUILT_PRODUCTS_DIR; };
		13B07FAF1A68108700A75B9A /* AppDelegate.h */ = {isa = PBXFileReference; fileEncoding = 4; lastKnownFileType = sourcecode.c.h; name = AppDelegate.h; path = instatip/AppDelegate.h; sourceTree = "<group>"; };
		13B07FB01A68108700A75B9A /* AppDelegate.mm */ = {isa = PBXFileReference; fileEncoding = 4; lastKnownFileType = sourcecode.cpp.objcpp; name = AppDelegate.mm; path = instatip/AppDelegate.mm; sourceTree = "<group>"; };
		13B07FB51A68108700A75B9A /* Images.xcassets */ = {isa = PBXFileReference; lastKnownFileType = folder.assetcatalog; name = Images.xcassets; path = instatip/Images.xcassets; sourceTree = "<group>"; };
		13B07FB61A68108700A75B9A /* Info.plist */ = {isa = PBXFileReference; fileEncoding = 4; lastKnownFileType = text.plist.xml; name = Info.plist; path = instatip/Info.plist; sourceTree = "<group>"; };
		13B07FB71A68108700A75B9A /* main.m */ = {isa = PBXFileReference; fileEncoding = 4; lastKnownFileType = sourcecode.c.objc; name = main.m; path = instatip/main.m; sourceTree = "<group>"; };
		13B07FB81A68108700A75B9A /* PrivacyInfo.xcprivacy */ = {isa = PBXFileReference; fileEncoding = 4; lastKnownFileType = text.plist.xml; name = PrivacyInfo.xcprivacy; path = instatip/PrivacyInfo.xcprivacy; sourceTree = "<group>"; };
		19F6CBCC0A4E27FBF8BF4A61 /* libPods-instatip-instatipTests.a */ = {isa = PBXFileReference; explicitFileType = archive.ar; includeInIndex = 0; path = "libPods-instatip-instatipTests.a"; sourceTree = BUILT_PRODUCTS_DIR; };
		3B4392A12AC88292D35C810B /* Pods-instatip.debug.xcconfig */ = {isa = PBXFileReference; includeInIndex = 1; lastKnownFileType = text.xcconfig; name = "Pods-instatip.debug.xcconfig"; path = "Target Support Files/Pods-instatip/Pods-instatip.debug.xcconfig"; sourceTree = "<group>"; };
		5709B34CF0A7D63546082F79 /* Pods-instatip.release.xcconfig */ = {isa = PBXFileReference; includeInIndex = 1; lastKnownFileType = text.xcconfig; name = "Pods-instatip.release.xcconfig"; path = "Target Support Files/Pods-instatip/Pods-instatip.release.xcconfig"; sourceTree = "<group>"; };
		5B7EB9410499542E8C5724F5 /* Pods-instatip-instatipTests.debug.xcconfig */ = {isa = PBXFileReference; includeInIndex = 1; lastKnownFileType = text.xcconfig; name = "Pods-instatip-instatipTests.debug.xcconfig"; path = "Target Support Files/Pods-instatip-instatipTests/Pods-instatip-instatipTests.debug.xcconfig"; sourceTree = "<group>"; };
		5DCACB8F33CDC322A6C60F78 /* libPods-instatip.a */ = {isa = PBXFileReference; explicitFileType = archive.ar; includeInIndex = 0; path = "libPods-instatip.a"; sourceTree = BUILT_PRODUCTS_DIR; };
		81AB9BB72411601600AC10FF /* LaunchScreen.storyboard */ = {isa = PBXFileReference; fileEncoding = 4; lastKnownFileType = file.storyboard; name = LaunchScreen.storyboard; path = instatip/LaunchScreen.storyboard; sourceTree = "<group>"; };
		89C6BE57DB24E9ADA2F236DE /* Pods-instatip-instatipTests.release.xcconfig */ = {isa = PBXFileReference; includeInIndex = 1; lastKnownFileType = text.xcconfig; name = "Pods-instatip-instatipTests.release.xcconfig"; path = "Target Support Files/Pods-instatip-instatipTests/Pods-instatip-instatipTests.release.xcconfig"; sourceTree = "<group>"; };
		ED297162215061F000B7C4FE /* JavaScriptCore.framework */ = {isa = PBXFileReference; lastKnownFileType = wrapper.framework; name = JavaScriptCore.framework; path = System/Library/Frameworks/JavaScriptCore.framework; sourceTree = SDKROOT; };
		42D27BCF6F314581A3684B4A /* Inter-ExtraBold.ttf */ = {isa = PBXFileReference; name = "Inter-ExtraBold.ttf"; path = "../src/assets/fonts/Inter-ExtraBold.ttf"; sourceTree = "<group>"; fileEncoding = undefined; lastKnownFileType = unknown; explicitFileType = undefined; includeInIndex = 0; };
		1E2F63EE49AF4C08B3FC9DA1 /* Inter-Italic.ttf */ = {isa = PBXFileReference; name = "Inter-Italic.ttf"; path = "../src/assets/fonts/Inter-Italic.ttf"; sourceTree = "<group>"; fileEncoding = undefined; lastKnownFileType = unknown; explicitFileType = undefined; includeInIndex = 0; };
		5C2C5130CCF24323A7F47BE7 /* Inter-Light.ttf */ = {isa = PBXFileReference; name = "Inter-Light.ttf"; path = "../src/assets/fonts/Inter-Light.ttf"; sourceTree = "<group>"; fileEncoding = undefined; lastKnownFileType = unknown; explicitFileType = undefined; includeInIndex = 0; };
		43893966BC714C4BA6D8E490 /* Inter-VariableFont.ttf */ = {isa = PBXFileReference; name = "Inter-VariableFont.ttf"; path = "../src/assets/fonts/Inter-VariableFont.ttf"; sourceTree = "<group>"; fileEncoding = undefined; lastKnownFileType = unknown; explicitFileType = undefined; includeInIndex = 0; };
		7AAB1BA7DDE54B83B8032A96 /* Outfit-Black.ttf */ = {isa = PBXFileReference; name = "Outfit-Black.ttf"; path = "../src/assets/fonts/Outfit-Black.ttf"; sourceTree = "<group>"; fileEncoding = undefined; lastKnownFileType = unknown; explicitFileType = undefined; includeInIndex = 0; };
		1B12EAC4C4BF46D0AD3C6C5C /* Outfit-Bold.ttf */ = {isa = PBXFileReference; name = "Outfit-Bold.ttf"; path = "../src/assets/fonts/Outfit-Bold.ttf"; sourceTree = "<group>"; fileEncoding = undefined; lastKnownFileType = unknown; explicitFileType = undefined; includeInIndex = 0; };
		316C7E7FEA814979B82B070C /* Outfit-ExtraBold.ttf */ = {isa = PBXFileReference; name = "Outfit-ExtraBold.ttf"; path = "../src/assets/fonts/Outfit-ExtraBold.ttf"; sourceTree = "<group>"; fileEncoding = undefined; lastKnownFileType = unknown; explicitFileType = undefined; includeInIndex = 0; };
		9F3A346E640A47F1A3942ECC /* Outfit-ExtraLight.ttf */ = {isa = PBXFileReference; name = "Outfit-ExtraLight.ttf"; path = "../src/assets/fonts/Outfit-ExtraLight.ttf"; sourceTree = "<group>"; fileEncoding = undefined; lastKnownFileType = unknown; explicitFileType = undefined; includeInIndex = 0; };
		8CD4628260024449BDD128FF /* Outfit-Light.ttf */ = {isa = PBXFileReference; name = "Outfit-Light.ttf"; path = "../src/assets/fonts/Outfit-Light.ttf"; sourceTree = "<group>"; fileEncoding = undefined; lastKnownFileType = unknown; explicitFileType = undefined; includeInIndex = 0; };
		B75434CBC8A44E84A2B720E1 /* Outfit-Medium.ttf */ = {isa = PBXFileReference; name = "Outfit-Medium.ttf"; path = "../src/assets/fonts/Outfit-Medium.ttf"; sourceTree = "<group>"; fileEncoding = undefined; lastKnownFileType = unknown; explicitFileType = undefined; includeInIndex = 0; };
		256B007D9B424808A99241B7 /* Outfit-Regular.ttf */ = {isa = PBXFileReference; name = "Outfit-Regular.ttf"; path = "../src/assets/fonts/Outfit-Regular.ttf"; sourceTree = "<group>"; fileEncoding = undefined; lastKnownFileType = unknown; explicitFileType = undefined; includeInIndex = 0; };
		DC3F9A8CB4BA44BC85E42FB1 /* Outfit-SemiBold.ttf */ = {isa = PBXFileReference; name = "Outfit-SemiBold.ttf"; path = "../src/assets/fonts/Outfit-SemiBold.ttf"; sourceTree = "<group>"; fileEncoding = undefined; lastKnownFileType = unknown; explicitFileType = undefined; includeInIndex = 0; };
		2219245FCDB2474FBC585359 /* Outfit-Thin.ttf */ = {isa = PBXFileReference; name = "Outfit-Thin.ttf"; path = "../src/assets/fonts/Outfit-Thin.ttf"; sourceTree = "<group>"; fileEncoding = undefined; lastKnownFileType = unknown; explicitFileType = undefined; includeInIndex = 0; };
		8C6494C5D0164B0595C9E37C /* Outfit.ttf */ = {isa = PBXFileReference; name = "Outfit.ttf"; path = "../src/assets/fonts/Outfit.ttf"; sourceTree = "<group>"; fileEncoding = undefined; lastKnownFileType = unknown; explicitFileType = undefined; includeInIndex = 0; };
		CB4EBB8C0CC847A697036F29 /* Inter-Italic-VariableFont_opsz,wght.ttf */ = {isa = PBXFileReference; name = "Inter-Italic-VariableFont_opsz,wght.ttf"; path = "../src/assets/fonts/Inter/Inter-Italic-VariableFont_opsz,wght.ttf"; sourceTree = "<group>"; fileEncoding = undefined; lastKnownFileType = unknown; explicitFileType = undefined; includeInIndex = 0; };
		C1A20785DB0541CB98A38EE2 /* Inter-VariableFont_opsz,wght.ttf */ = {isa = PBXFileReference; name = "Inter-VariableFont_opsz,wght.ttf"; path = "../src/assets/fonts/Inter/Inter-VariableFont_opsz,wght.ttf"; sourceTree = "<group>"; fileEncoding = undefined; lastKnownFileType = unknown; explicitFileType = undefined; includeInIndex = 0; };
		5A36958353B84B8F9D334094 /* Inter_18pt-Black.ttf */ = {isa = PBXFileReference; name = "Inter_18pt-Black.ttf"; path = "../src/assets/fonts/Inter/static/Inter_18pt-Black.ttf"; sourceTree = "<group>"; fileEncoding = undefined; lastKnownFileType = unknown; explicitFileType = undefined; includeInIndex = 0; };
		0184ABE96272465F97FB5695 /* Inter_18pt-BlackItalic.ttf */ = {isa = PBXFileReference; name = "Inter_18pt-BlackItalic.ttf"; path = "../src/assets/fonts/Inter/static/Inter_18pt-BlackItalic.ttf"; sourceTree = "<group>"; fileEncoding = undefined; lastKnownFileType = unknown; explicitFileType = undefined; includeInIndex = 0; };
		4E9E72D7DDC44F6E9578A0CA /* Inter_18pt-Bold.ttf */ = {isa = PBXFileReference; name = "Inter_18pt-Bold.ttf"; path = "../src/assets/fonts/Inter/static/Inter_18pt-Bold.ttf"; sourceTree = "<group>"; fileEncoding = undefined; lastKnownFileType = unknown; explicitFileType = undefined; includeInIndex = 0; };
		C1D8CDAE59874577AE16EE5C /* Inter_18pt-BoldItalic.ttf */ = {isa = PBXFileReference; name = "Inter_18pt-BoldItalic.ttf"; path = "../src/assets/fonts/Inter/static/Inter_18pt-BoldItalic.ttf"; sourceTree = "<group>"; fileEncoding = undefined; lastKnownFileType = unknown; explicitFileType = undefined; includeInIndex = 0; };
		AFBCAB64EED64BD89D7FDEB6 /* Inter_18pt-ExtraBold.ttf */ = {isa = PBXFileReference; name = "Inter_18pt-ExtraBold.ttf"; path = "../src/assets/fonts/Inter/static/Inter_18pt-ExtraBold.ttf"; sourceTree = "<group>"; fileEncoding = undefined; lastKnownFileType = unknown; explicitFileType = undefined; includeInIndex = 0; };
		A9390576958341148BA25665 /* Inter_18pt-ExtraBoldItalic.ttf */ = {isa = PBXFileReference; name = "Inter_18pt-ExtraBoldItalic.ttf"; path = "../src/assets/fonts/Inter/static/Inter_18pt-ExtraBoldItalic.ttf"; sourceTree = "<group>"; fileEncoding = undefined; lastKnownFileType = unknown; explicitFileType = undefined; includeInIndex = 0; };
		A1C8172CC6004F94BAD15388 /* Inter_18pt-ExtraLight.ttf */ = {isa = PBXFileReference; name = "Inter_18pt-ExtraLight.ttf"; path = "../src/assets/fonts/Inter/static/Inter_18pt-ExtraLight.ttf"; sourceTree = "<group>"; fileEncoding = undefined; lastKnownFileType = unknown; explicitFileType = undefined; includeInIndex = 0; };
		5D02DBD6E4D14B9C8D75981A /* Inter_18pt-ExtraLightItalic.ttf */ = {isa = PBXFileReference; name = "Inter_18pt-ExtraLightItalic.ttf"; path = "../src/assets/fonts/Inter/static/Inter_18pt-ExtraLightItalic.ttf"; sourceTree = "<group>"; fileEncoding = undefined; lastKnownFileType = unknown; explicitFileType = undefined; includeInIndex = 0; };
		B474EE5A38044E5E9D9FE1E8 /* Inter_18pt-Italic.ttf */ = {isa = PBXFileReference; name = "Inter_18pt-Italic.ttf"; path = "../src/assets/fonts/Inter/static/Inter_18pt-Italic.ttf"; sourceTree = "<group>"; fileEncoding = undefined; lastKnownFileType = unknown; explicitFileType = undefined; includeInIndex = 0; };
		1CF36CFEE47B4770AE14CC12 /* Inter_18pt-Light.ttf */ = {isa = PBXFileReference; name = "Inter_18pt-Light.ttf"; path = "../src/assets/fonts/Inter/static/Inter_18pt-Light.ttf"; sourceTree = "<group>"; fileEncoding = undefined; lastKnownFileType = unknown; explicitFileType = undefined; includeInIndex = 0; };
		00812796191A4E618FE29FCA /* Inter_18pt-LightItalic.ttf */ = {isa = PBXFileReference; name = "Inter_18pt-LightItalic.ttf"; path = "../src/assets/fonts/Inter/static/Inter_18pt-LightItalic.ttf"; sourceTree = "<group>"; fileEncoding = undefined; lastKnownFileType = unknown; explicitFileType = undefined; includeInIndex = 0; };
		C6C2252C359F410AA26814BC /* Inter_18pt-Medium.ttf */ = {isa = PBXFileReference; name = "Inter_18pt-Medium.ttf"; path = "../src/assets/fonts/Inter/static/Inter_18pt-Medium.ttf"; sourceTree = "<group>"; fileEncoding = undefined; lastKnownFileType = unknown; explicitFileType = undefined; includeInIndex = 0; };
		17ECAF4B790F4D499353FAAB /* Inter_18pt-MediumItalic.ttf */ = {isa = PBXFileReference; name = "Inter_18pt-MediumItalic.ttf"; path = "../src/assets/fonts/Inter/static/Inter_18pt-MediumItalic.ttf"; sourceTree = "<group>"; fileEncoding = undefined; lastKnownFileType = unknown; explicitFileType = undefined; includeInIndex = 0; };
		D631C7848013403CA182CE1A /* Inter_18pt-Regular.ttf */ = {isa = PBXFileReference; name = "Inter_18pt-Regular.ttf"; path = "../src/assets/fonts/Inter/static/Inter_18pt-Regular.ttf"; sourceTree = "<group>"; fileEncoding = undefined; lastKnownFileType = unknown; explicitFileType = undefined; includeInIndex = 0; };
		60809314C69A45F682AE096B /* Inter_18pt-SemiBold.ttf */ = {isa = PBXFileReference; name = "Inter_18pt-SemiBold.ttf"; path = "../src/assets/fonts/Inter/static/Inter_18pt-SemiBold.ttf"; sourceTree = "<group>"; fileEncoding = undefined; lastKnownFileType = unknown; explicitFileType = undefined; includeInIndex = 0; };
		A1BE652694994442AF54CC57 /* Inter_18pt-SemiBoldItalic.ttf */ = {isa = PBXFileReference; name = "Inter_18pt-SemiBoldItalic.ttf"; path = "../src/assets/fonts/Inter/static/Inter_18pt-SemiBoldItalic.ttf"; sourceTree = "<group>"; fileEncoding = undefined; lastKnownFileType = unknown; explicitFileType = undefined; includeInIndex = 0; };
		A32E8D9423EB4B96BBFEC059 /* Inter_18pt-Thin.ttf */ = {isa = PBXFileReference; name = "Inter_18pt-Thin.ttf"; path = "../src/assets/fonts/Inter/static/Inter_18pt-Thin.ttf"; sourceTree = "<group>"; fileEncoding = undefined; lastKnownFileType = unknown; explicitFileType = undefined; includeInIndex = 0; };
		BABC05FDB580475192CC58ED /* Inter_18pt-ThinItalic.ttf */ = {isa = PBXFileReference; name = "Inter_18pt-ThinItalic.ttf"; path = "../src/assets/fonts/Inter/static/Inter_18pt-ThinItalic.ttf"; sourceTree = "<group>"; fileEncoding = undefined; lastKnownFileType = unknown; explicitFileType = undefined; includeInIndex = 0; };
		9142F3FF170F462C83B633AD /* Inter_24pt-Black.ttf */ = {isa = PBXFileReference; name = "Inter_24pt-Black.ttf"; path = "../src/assets/fonts/Inter/static/Inter_24pt-Black.ttf"; sourceTree = "<group>"; fileEncoding = undefined; lastKnownFileType = unknown; explicitFileType = undefined; includeInIndex = 0; };
		16916B3B281E47C996EC8374 /* Inter_24pt-BlackItalic.ttf */ = {isa = PBXFileReference; name = "Inter_24pt-BlackItalic.ttf"; path = "../src/assets/fonts/Inter/static/Inter_24pt-BlackItalic.ttf"; sourceTree = "<group>"; fileEncoding = undefined; lastKnownFileType = unknown; explicitFileType = undefined; includeInIndex = 0; };
		568E569945984EAD9D3D1590 /* Inter_24pt-Bold.ttf */ = {isa = PBXFileReference; name = "Inter_24pt-Bold.ttf"; path = "../src/assets/fonts/Inter/static/Inter_24pt-Bold.ttf"; sourceTree = "<group>"; fileEncoding = undefined; lastKnownFileType = unknown; explicitFileType = undefined; includeInIndex = 0; };
		1465EF11960749779CBAA6C5 /* Inter_24pt-BoldItalic.ttf */ = {isa = PBXFileReference; name = "Inter_24pt-BoldItalic.ttf"; path = "../src/assets/fonts/Inter/static/Inter_24pt-BoldItalic.ttf"; sourceTree = "<group>"; fileEncoding = undefined; lastKnownFileType = unknown; explicitFileType = undefined; includeInIndex = 0; };
		E5CFB6F62AB047ED928FC4DE /* Inter_24pt-ExtraBold.ttf */ = {isa = PBXFileReference; name = "Inter_24pt-ExtraBold.ttf"; path = "../src/assets/fonts/Inter/static/Inter_24pt-ExtraBold.ttf"; sourceTree = "<group>"; fileEncoding = undefined; lastKnownFileType = unknown; explicitFileType = undefined; includeInIndex = 0; };
		3C86E8956E6D482EB33D799C /* Inter_24pt-ExtraBoldItalic.ttf */ = {isa = PBXFileReference; name = "Inter_24pt-ExtraBoldItalic.ttf"; path = "../src/assets/fonts/Inter/static/Inter_24pt-ExtraBoldItalic.ttf"; sourceTree = "<group>"; fileEncoding = undefined; lastKnownFileType = unknown; explicitFileType = undefined; includeInIndex = 0; };
		7FEB6392318D4D0A8951BEFD /* Inter_24pt-ExtraLight.ttf */ = {isa = PBXFileReference; name = "Inter_24pt-ExtraLight.ttf"; path = "../src/assets/fonts/Inter/static/Inter_24pt-ExtraLight.ttf"; sourceTree = "<group>"; fileEncoding = undefined; lastKnownFileType = unknown; explicitFileType = undefined; includeInIndex = 0; };
		AAC188F27028443CAEF531A9 /* Inter_24pt-ExtraLightItalic.ttf */ = {isa = PBXFileReference; name = "Inter_24pt-ExtraLightItalic.ttf"; path = "../src/assets/fonts/Inter/static/Inter_24pt-ExtraLightItalic.ttf"; sourceTree = "<group>"; fileEncoding = undefined; lastKnownFileType = unknown; explicitFileType = undefined; includeInIndex = 0; };
		F539124E733B419CAD2A6011 /* Inter_24pt-Italic.ttf */ = {isa = PBXFileReference; name = "Inter_24pt-Italic.ttf"; path = "../src/assets/fonts/Inter/static/Inter_24pt-Italic.ttf"; sourceTree = "<group>"; fileEncoding = undefined; lastKnownFileType = unknown; explicitFileType = undefined; includeInIndex = 0; };
		10B7BE94FF384E9DB989DDF4 /* Inter_24pt-Light.ttf */ = {isa = PBXFileReference; name = "Inter_24pt-Light.ttf"; path = "../src/assets/fonts/Inter/static/Inter_24pt-Light.ttf"; sourceTree = "<group>"; fileEncoding = undefined; lastKnownFileType = unknown; explicitFileType = undefined; includeInIndex = 0; };
		333EE5F9C2E14243AE0F32BD /* Inter_24pt-LightItalic.ttf */ = {isa = PBXFileReference; name = "Inter_24pt-LightItalic.ttf"; path = "../src/assets/fonts/Inter/static/Inter_24pt-LightItalic.ttf"; sourceTree = "<group>"; fileEncoding = undefined; lastKnownFileType = unknown; explicitFileType = undefined; includeInIndex = 0; };
		13FA7A244D254FA2BAC40C9D /* Inter_24pt-Medium.ttf */ = {isa = PBXFileReference; name = "Inter_24pt-Medium.ttf"; path = "../src/assets/fonts/Inter/static/Inter_24pt-Medium.ttf"; sourceTree = "<group>"; fileEncoding = undefined; lastKnownFileType = unknown; explicitFileType = undefined; includeInIndex = 0; };
		9C4FEA8C6179427899313803 /* Inter_24pt-MediumItalic.ttf */ = {isa = PBXFileReference; name = "Inter_24pt-MediumItalic.ttf"; path = "../src/assets/fonts/Inter/static/Inter_24pt-MediumItalic.ttf"; sourceTree = "<group>"; fileEncoding = undefined; lastKnownFileType = unknown; explicitFileType = undefined; includeInIndex = 0; };
		5F7B7C85A0DA4447922EFE45 /* Inter_24pt-Regular.ttf */ = {isa = PBXFileReference; name = "Inter_24pt-Regular.ttf"; path = "../src/assets/fonts/Inter/static/Inter_24pt-Regular.ttf"; sourceTree = "<group>"; fileEncoding = undefined; lastKnownFileType = unknown; explicitFileType = undefined; includeInIndex = 0; };
		35479BA10B894C44B7AF8977 /* Inter_24pt-SemiBold.ttf */ = {isa = PBXFileReference; name = "Inter_24pt-SemiBold.ttf"; path = "../src/assets/fonts/Inter/static/Inter_24pt-SemiBold.ttf"; sourceTree = "<group>"; fileEncoding = undefined; lastKnownFileType = unknown; explicitFileType = undefined; includeInIndex = 0; };
		C24BE67E1DF549BEB4105E2D /* Inter_24pt-SemiBoldItalic.ttf */ = {isa = PBXFileReference; name = "Inter_24pt-SemiBoldItalic.ttf"; path = "../src/assets/fonts/Inter/static/Inter_24pt-SemiBoldItalic.ttf"; sourceTree = "<group>"; fileEncoding = undefined; lastKnownFileType = unknown; explicitFileType = undefined; includeInIndex = 0; };
		4CF304FA373C49A19D153AF7 /* Inter_24pt-Thin.ttf */ = {isa = PBXFileReference; name = "Inter_24pt-Thin.ttf"; path = "../src/assets/fonts/Inter/static/Inter_24pt-Thin.ttf"; sourceTree = "<group>"; fileEncoding = undefined; lastKnownFileType = unknown; explicitFileType = undefined; includeInIndex = 0; };
		A0D240CFF72D4FE7BCD764C3 /* Inter_24pt-ThinItalic.ttf */ = {isa = PBXFileReference; name = "Inter_24pt-ThinItalic.ttf"; path = "../src/assets/fonts/Inter/static/Inter_24pt-ThinItalic.ttf"; sourceTree = "<group>"; fileEncoding = undefined; lastKnownFileType = unknown; explicitFileType = undefined; includeInIndex = 0; };
		3901800CAD0449EDBB5DC214 /* Inter_28pt-Black.ttf */ = {isa = PBXFileReference; name = "Inter_28pt-Black.ttf"; path = "../src/assets/fonts/Inter/static/Inter_28pt-Black.ttf"; sourceTree = "<group>"; fileEncoding = undefined; lastKnownFileType = unknown; explicitFileType = undefined; includeInIndex = 0; };
		9DB4E4BE1C204EFEBF293687 /* Inter_28pt-BlackItalic.ttf */ = {isa = PBXFileReference; name = "Inter_28pt-BlackItalic.ttf"; path = "../src/assets/fonts/Inter/static/Inter_28pt-BlackItalic.ttf"; sourceTree = "<group>"; fileEncoding = undefined; lastKnownFileType = unknown; explicitFileType = undefined; includeInIndex = 0; };
		6B75080667C245B1BCBE4EEC /* Inter_28pt-Bold.ttf */ = {isa = PBXFileReference; name = "Inter_28pt-Bold.ttf"; path = "../src/assets/fonts/Inter/static/Inter_28pt-Bold.ttf"; sourceTree = "<group>"; fileEncoding = undefined; lastKnownFileType = unknown; explicitFileType = undefined; includeInIndex = 0; };
		C0D32D29A1714F1993FA0697 /* Inter_28pt-BoldItalic.ttf */ = {isa = PBXFileReference; name = "Inter_28pt-BoldItalic.ttf"; path = "../src/assets/fonts/Inter/static/Inter_28pt-BoldItalic.ttf"; sourceTree = "<group>"; fileEncoding = undefined; lastKnownFileType = unknown; explicitFileType = undefined; includeInIndex = 0; };
		9E2FC631E57A4659A232D505 /* Inter_28pt-ExtraBold.ttf */ = {isa = PBXFileReference; name = "Inter_28pt-ExtraBold.ttf"; path = "../src/assets/fonts/Inter/static/Inter_28pt-ExtraBold.ttf"; sourceTree = "<group>"; fileEncoding = undefined; lastKnownFileType = unknown; explicitFileType = undefined; includeInIndex = 0; };
		F827D8C46204482698F61834 /* Inter_28pt-ExtraBoldItalic.ttf */ = {isa = PBXFileReference; name = "Inter_28pt-ExtraBoldItalic.ttf"; path = "../src/assets/fonts/Inter/static/Inter_28pt-ExtraBoldItalic.ttf"; sourceTree = "<group>"; fileEncoding = undefined; lastKnownFileType = unknown; explicitFileType = undefined; includeInIndex = 0; };
		1DED068770E14529A5CEC659 /* Inter_28pt-ExtraLight.ttf */ = {isa = PBXFileReference; name = "Inter_28pt-ExtraLight.ttf"; path = "../src/assets/fonts/Inter/static/Inter_28pt-ExtraLight.ttf"; sourceTree = "<group>"; fileEncoding = undefined; lastKnownFileType = unknown; explicitFileType = undefined; includeInIndex = 0; };
		4F3947508D9C47FF84947F78 /* Inter_28pt-ExtraLightItalic.ttf */ = {isa = PBXFileReference; name = "Inter_28pt-ExtraLightItalic.ttf"; path = "../src/assets/fonts/Inter/static/Inter_28pt-ExtraLightItalic.ttf"; sourceTree = "<group>"; fileEncoding = undefined; lastKnownFileType = unknown; explicitFileType = undefined; includeInIndex = 0; };
		E35C25C178EC439DAB2BE951 /* Inter_28pt-Italic.ttf */ = {isa = PBXFileReference; name = "Inter_28pt-Italic.ttf"; path = "../src/assets/fonts/Inter/static/Inter_28pt-Italic.ttf"; sourceTree = "<group>"; fileEncoding = undefined; lastKnownFileType = unknown; explicitFileType = undefined; includeInIndex = 0; };
		3E3FECCAE5C74CDDAD6067E8 /* Inter_28pt-Light.ttf */ = {isa = PBXFileReference; name = "Inter_28pt-Light.ttf"; path = "../src/assets/fonts/Inter/static/Inter_28pt-Light.ttf"; sourceTree = "<group>"; fileEncoding = undefined; lastKnownFileType = unknown; explicitFileType = undefined; includeInIndex = 0; };
		9CA1C98F4C1F4E46B70EB17D /* Inter_28pt-LightItalic.ttf */ = {isa = PBXFileReference; name = "Inter_28pt-LightItalic.ttf"; path = "../src/assets/fonts/Inter/static/Inter_28pt-LightItalic.ttf"; sourceTree = "<group>"; fileEncoding = undefined; lastKnownFileType = unknown; explicitFileType = undefined; includeInIndex = 0; };
		3624E48FC64940CD900A5C61 /* Inter_28pt-Medium.ttf */ = {isa = PBXFileReference; name = "Inter_28pt-Medium.ttf"; path = "../src/assets/fonts/Inter/static/Inter_28pt-Medium.ttf"; sourceTree = "<group>"; fileEncoding = undefined; lastKnownFileType = unknown; explicitFileType = undefined; includeInIndex = 0; };
		BD3DE2BEEE354169B69EE0D1 /* Inter_28pt-MediumItalic.ttf */ = {isa = PBXFileReference; name = "Inter_28pt-MediumItalic.ttf"; path = "../src/assets/fonts/Inter/static/Inter_28pt-MediumItalic.ttf"; sourceTree = "<group>"; fileEncoding = undefined; lastKnownFileType = unknown; explicitFileType = undefined; includeInIndex = 0; };
		A8588A9058B444E0876A3B57 /* Inter_28pt-Regular.ttf */ = {isa = PBXFileReference; name = "Inter_28pt-Regular.ttf"; path = "../src/assets/fonts/Inter/static/Inter_28pt-Regular.ttf"; sourceTree = "<group>"; fileEncoding = undefined; lastKnownFileType = unknown; explicitFileType = undefined; includeInIndex = 0; };
		7ED3D7DF3578447C8E2D60A4 /* Inter_28pt-SemiBold.ttf */ = {isa = PBXFileReference; name = "Inter_28pt-SemiBold.ttf"; path = "../src/assets/fonts/Inter/static/Inter_28pt-SemiBold.ttf"; sourceTree = "<group>"; fileEncoding = undefined; lastKnownFileType = unknown; explicitFileType = undefined; includeInIndex = 0; };
		B9099FB4D70A4465BD6D3265 /* Inter_28pt-SemiBoldItalic.ttf */ = {isa = PBXFileReference; name = "Inter_28pt-SemiBoldItalic.ttf"; path = "../src/assets/fonts/Inter/static/Inter_28pt-SemiBoldItalic.ttf"; sourceTree = "<group>"; fileEncoding = undefined; lastKnownFileType = unknown; explicitFileType = undefined; includeInIndex = 0; };
		E0A8DD1763A94AD2A2AA8F70 /* Inter_28pt-Thin.ttf */ = {isa = PBXFileReference; name = "Inter_28pt-Thin.ttf"; path = "../src/assets/fonts/Inter/static/Inter_28pt-Thin.ttf"; sourceTree = "<group>"; fileEncoding = undefined; lastKnownFileType = unknown; explicitFileType = undefined; includeInIndex = 0; };
		F4FEE95A71954142B2DC49C0 /* Inter_28pt-ThinItalic.ttf */ = {isa = PBXFileReference; name = "Inter_28pt-ThinItalic.ttf"; path = "../src/assets/fonts/Inter/static/Inter_28pt-ThinItalic.ttf"; sourceTree = "<group>"; fileEncoding = undefined; lastKnownFileType = unknown; explicitFileType = undefined; includeInIndex = 0; };
		6F29DF642C6540CFA4080AE7 /* Inter-Regular.ttf */ = {isa = PBXFileReference; name = "Inter-Regular.ttf"; path = "../src/assets/fonts/Inter-Regular.ttf"; sourceTree = "<group>"; fileEncoding = undefined; lastKnownFileType = unknown; explicitFileType = undefined; includeInIndex = 0; };
		1AF50F0318EF476AB425D648 /* Inter-SemiBold.ttf */ = {isa = PBXFileReference; name = "Inter-SemiBold.ttf"; path = "../src/assets/fonts/Inter-SemiBold.ttf"; sourceTree = "<group>"; fileEncoding = undefined; lastKnownFileType = unknown; explicitFileType = undefined; includeInIndex = 0; };
		E8A17121158C4E6B91F44CA1 /* OFL.txt */ = {isa = PBXFileReference; name = "OFL.txt"; path = "../src/assets/fonts/Inter/OFL.txt"; sourceTree = "<group>"; fileEncoding = undefined; lastKnownFileType = unknown; explicitFileType = undefined; includeInIndex = 0; };
		C4ADC75B2A024CEEBAAF9A26 /* README.txt */ = {isa = PBXFileReference; name = "README.txt"; path = "../src/assets/fonts/Inter/README.txt"; sourceTree = "<group>"; fileEncoding = undefined; lastKnownFileType = unknown; explicitFileType = undefined; includeInIndex = 0; };
/* End PBXFileReference section */

/* Begin PBXFrameworksBuildPhase section */
		00E356EB1AD99517003FC87E /* Frameworks */ = {
			isa = PBXFrameworksBuildPhase;
			buildActionMask = 2147483647;
			files = (
				7699B88040F8A987B510C191 /* libPods-instatip-instatipTests.a in Frameworks */,
			);
			runOnlyForDeploymentPostprocessing = 0;
		};
		13B07F8C1A680F5B00A75B9A /* Frameworks */ = {
			isa = PBXFrameworksBuildPhase;
			buildActionMask = 2147483647;
			files = (
				0C80B921A6F3F58F76C31292 /* libPods-instatip.a in Frameworks */,
			);
			runOnlyForDeploymentPostprocessing = 0;
		};
/* End PBXFrameworksBuildPhase section */

/* Begin PBXGroup section */
		00E356EF1AD99517003FC87E /* instatipTests */ = {
			isa = PBXGroup;
			children = (
				00E356F21AD99517003FC87E /* instatipTests.m */,
				00E356F01AD99517003FC87E /* Supporting Files */,
			);
			path = instatipTests;
			sourceTree = "<group>";
		};
		00E356F01AD99517003FC87E /* Supporting Files */ = {
			isa = PBXGroup;
			children = (
				00E356F11AD99517003FC87E /* Info.plist */,
			);
			name = "Supporting Files";
			sourceTree = "<group>";
		};
		13B07FAE1A68108700A75B9A /* instatip */ = {
			isa = PBXGroup;
			children = (
				13B07FAF1A68108700A75B9A /* AppDelegate.h */,
				13B07FB01A68108700A75B9A /* AppDelegate.mm */,
				13B07FB51A68108700A75B9A /* Images.xcassets */,
				13B07FB61A68108700A75B9A /* Info.plist */,
				81AB9BB72411601600AC10FF /* LaunchScreen.storyboard */,
				13B07FB71A68108700A75B9A /* main.m */,
				13B07FB81A68108700A75B9A /* PrivacyInfo.xcprivacy */,
			);
			name = instatip;
			sourceTree = "<group>";
		};
		2D16E6871FA4F8E400B85C8A /* Frameworks */ = {
			isa = PBXGroup;
			children = (
				ED297162215061F000B7C4FE /* JavaScriptCore.framework */,
				5DCACB8F33CDC322A6C60F78 /* libPods-instatip.a */,
				19F6CBCC0A4E27FBF8BF4A61 /* libPods-instatip-instatipTests.a */,
			);
			name = Frameworks;
			sourceTree = "<group>";
		};
		832341AE1AAA6A7D00B99B32 /* Libraries */ = {
			isa = PBXGroup;
			children = (
			);
			name = Libraries;
			sourceTree = "<group>";
		};
		83CBB9F61A601CBA00E9B192 = {
			isa = PBXGroup;
			children = (
				13B07FAE1A68108700A75B9A /* instatip */,
				832341AE1AAA6A7D00B99B32 /* Libraries */,
				00E356EF1AD99517003FC87E /* instatipTests */,
				83CBBA001A601CBA00E9B192 /* Products */,
				2D16E6871FA4F8E400B85C8A /* Frameworks */,
				BBD78D7AC51CEA395F1C20DB /* Pods */,
				12FC6F120DEA40DFB14B045D /* Resources */,
			);
			indentWidth = 2;
			sourceTree = "<group>";
			tabWidth = 2;
			usesTabs = 0;
		};
		83CBBA001A601CBA00E9B192 /* Products */ = {
			isa = PBXGroup;
			children = (
				13B07F961A680F5B00A75B9A /* instatip.app */,
				00E356EE1AD99517003FC87E /* instatipTests.xctest */,
			);
			name = Products;
			sourceTree = "<group>";
		};
		BBD78D7AC51CEA395F1C20DB /* Pods */ = {
			isa = PBXGroup;
			children = (
				3B4392A12AC88292D35C810B /* Pods-instatip.debug.xcconfig */,
				5709B34CF0A7D63546082F79 /* Pods-instatip.release.xcconfig */,
				5B7EB9410499542E8C5724F5 /* Pods-instatip-instatipTests.debug.xcconfig */,
				89C6BE57DB24E9ADA2F236DE /* Pods-instatip-instatipTests.release.xcconfig */,
			);
			path = Pods;
			sourceTree = "<group>";
		};
		12FC6F120DEA40DFB14B045D /* Resources */ = {
			isa = "PBXGroup";
			children = (
				42D27BCF6F314581A3684B4A /* Inter-ExtraBold.ttf */,
				1E2F63EE49AF4C08B3FC9DA1 /* Inter-Italic.ttf */,
				5C2C5130CCF24323A7F47BE7 /* Inter-Light.ttf */,
				43893966BC714C4BA6D8E490 /* Inter-VariableFont.ttf */,
				7AAB1BA7DDE54B83B8032A96 /* Outfit-Black.ttf */,
				1B12EAC4C4BF46D0AD3C6C5C /* Outfit-Bold.ttf */,
				316C7E7FEA814979B82B070C /* Outfit-ExtraBold.ttf */,
				9F3A346E640A47F1A3942ECC /* Outfit-ExtraLight.ttf */,
				8CD4628260024449BDD128FF /* Outfit-Light.ttf */,
				B75434CBC8A44E84A2B720E1 /* Outfit-Medium.ttf */,
				256B007D9B424808A99241B7 /* Outfit-Regular.ttf */,
				DC3F9A8CB4BA44BC85E42FB1 /* Outfit-SemiBold.ttf */,
				2219245FCDB2474FBC585359 /* Outfit-Thin.ttf */,
				8C6494C5D0164B0595C9E37C /* Outfit.ttf */,
				CB4EBB8C0CC847A697036F29 /* Inter-Italic-VariableFont_opsz,wght.ttf */,
				C1A20785DB0541CB98A38EE2 /* Inter-VariableFont_opsz,wght.ttf */,
				5A36958353B84B8F9D334094 /* Inter_18pt-Black.ttf */,
				0184ABE96272465F97FB5695 /* Inter_18pt-BlackItalic.ttf */,
				4E9E72D7DDC44F6E9578A0CA /* Inter_18pt-Bold.ttf */,
				C1D8CDAE59874577AE16EE5C /* Inter_18pt-BoldItalic.ttf */,
				AFBCAB64EED64BD89D7FDEB6 /* Inter_18pt-ExtraBold.ttf */,
				A9390576958341148BA25665 /* Inter_18pt-ExtraBoldItalic.ttf */,
				A1C8172CC6004F94BAD15388 /* Inter_18pt-ExtraLight.ttf */,
				5D02DBD6E4D14B9C8D75981A /* Inter_18pt-ExtraLightItalic.ttf */,
				B474EE5A38044E5E9D9FE1E8 /* Inter_18pt-Italic.ttf */,
				1CF36CFEE47B4770AE14CC12 /* Inter_18pt-Light.ttf */,
				00812796191A4E618FE29FCA /* Inter_18pt-LightItalic.ttf */,
				C6C2252C359F410AA26814BC /* Inter_18pt-Medium.ttf */,
				17ECAF4B790F4D499353FAAB /* Inter_18pt-MediumItalic.ttf */,
				D631C7848013403CA182CE1A /* Inter_18pt-Regular.ttf */,
				60809314C69A45F682AE096B /* Inter_18pt-SemiBold.ttf */,
				A1BE652694994442AF54CC57 /* Inter_18pt-SemiBoldItalic.ttf */,
				A32E8D9423EB4B96BBFEC059 /* Inter_18pt-Thin.ttf */,
				BABC05FDB580475192CC58ED /* Inter_18pt-ThinItalic.ttf */,
				9142F3FF170F462C83B633AD /* Inter_24pt-Black.ttf */,
				16916B3B281E47C996EC8374 /* Inter_24pt-BlackItalic.ttf */,
				568E569945984EAD9D3D1590 /* Inter_24pt-Bold.ttf */,
				1465EF11960749779CBAA6C5 /* Inter_24pt-BoldItalic.ttf */,
				E5CFB6F62AB047ED928FC4DE /* Inter_24pt-ExtraBold.ttf */,
				3C86E8956E6D482EB33D799C /* Inter_24pt-ExtraBoldItalic.ttf */,
				7FEB6392318D4D0A8951BEFD /* Inter_24pt-ExtraLight.ttf */,
				AAC188F27028443CAEF531A9 /* Inter_24pt-ExtraLightItalic.ttf */,
				F539124E733B419CAD2A6011 /* Inter_24pt-Italic.ttf */,
				10B7BE94FF384E9DB989DDF4 /* Inter_24pt-Light.ttf */,
				333EE5F9C2E14243AE0F32BD /* Inter_24pt-LightItalic.ttf */,
				13FA7A244D254FA2BAC40C9D /* Inter_24pt-Medium.ttf */,
				9C4FEA8C6179427899313803 /* Inter_24pt-MediumItalic.ttf */,
				5F7B7C85A0DA4447922EFE45 /* Inter_24pt-Regular.ttf */,
				35479BA10B894C44B7AF8977 /* Inter_24pt-SemiBold.ttf */,
				C24BE67E1DF549BEB4105E2D /* Inter_24pt-SemiBoldItalic.ttf */,
				4CF304FA373C49A19D153AF7 /* Inter_24pt-Thin.ttf */,
				A0D240CFF72D4FE7BCD764C3 /* Inter_24pt-ThinItalic.ttf */,
				3901800CAD0449EDBB5DC214 /* Inter_28pt-Black.ttf */,
				9DB4E4BE1C204EFEBF293687 /* Inter_28pt-BlackItalic.ttf */,
				6B75080667C245B1BCBE4EEC /* Inter_28pt-Bold.ttf */,
				C0D32D29A1714F1993FA0697 /* Inter_28pt-BoldItalic.ttf */,
				9E2FC631E57A4659A232D505 /* Inter_28pt-ExtraBold.ttf */,
				F827D8C46204482698F61834 /* Inter_28pt-ExtraBoldItalic.ttf */,
				1DED068770E14529A5CEC659 /* Inter_28pt-ExtraLight.ttf */,
				4F3947508D9C47FF84947F78 /* Inter_28pt-ExtraLightItalic.ttf */,
				E35C25C178EC439DAB2BE951 /* Inter_28pt-Italic.ttf */,
				3E3FECCAE5C74CDDAD6067E8 /* Inter_28pt-Light.ttf */,
				9CA1C98F4C1F4E46B70EB17D /* Inter_28pt-LightItalic.ttf */,
				3624E48FC64940CD900A5C61 /* Inter_28pt-Medium.ttf */,
				BD3DE2BEEE354169B69EE0D1 /* Inter_28pt-MediumItalic.ttf */,
				A8588A9058B444E0876A3B57 /* Inter_28pt-Regular.ttf */,
				7ED3D7DF3578447C8E2D60A4 /* Inter_28pt-SemiBold.ttf */,
				B9099FB4D70A4465BD6D3265 /* Inter_28pt-SemiBoldItalic.ttf */,
				E0A8DD1763A94AD2A2AA8F70 /* Inter_28pt-Thin.ttf */,
				F4FEE95A71954142B2DC49C0 /* Inter_28pt-ThinItalic.ttf */,
				6F29DF642C6540CFA4080AE7 /* Inter-Regular.ttf */,
				1AF50F0318EF476AB425D648 /* Inter-SemiBold.ttf */,
				E8A17121158C4E6B91F44CA1 /* OFL.txt */,
				C4ADC75B2A024CEEBAAF9A26 /* README.txt */,
			);
			name = Resources;
			sourceTree = "<group>";
			path = "";
		};
/* End PBXGroup section */

/* Begin PBXNativeTarget section */
		00E356ED1AD99517003FC87E /* instatipTests */ = {
			isa = PBXNativeTarget;
			buildConfigurationList = 00E357021AD99517003FC87E /* Build configuration list for PBXNativeTarget "instatipTests" */;
			buildPhases = (
				A55EABD7B0C7F3A422A6CC61 /* [CP] Check Pods Manifest.lock */,
				00E356EA1AD99517003FC87E /* Sources */,
				00E356EB1AD99517003FC87E /* Frameworks */,
				00E356EC1AD99517003FC87E /* Resources */,
				C59DA0FBD6956966B86A3779 /* [CP] Embed Pods Frameworks */,
				F6A41C54EA430FDDC6A6ED99 /* [CP] Copy Pods Resources */,
			);
			buildRules = (
			);
			dependencies = (
				00E356F51AD99517003FC87E /* PBXTargetDependency */,
			);
			name = instatipTests;
			productName = instatipTests;
			productReference = 00E356EE1AD99517003FC87E /* instatipTests.xctest */;
			productType = "com.apple.product-type.bundle.unit-test";
		};
		13B07F861A680F5B00A75B9A /* instatip */ = {
			isa = PBXNativeTarget;
			buildConfigurationList = 13B07F931A680F5B00A75B9A /* Build configuration list for PBXNativeTarget "instatip" */;
			buildPhases = (
				C38B50BA6285516D6DCD4F65 /* [CP] Check Pods Manifest.lock */,
				13B07F871A680F5B00A75B9A /* Sources */,
				13B07F8C1A680F5B00A75B9A /* Frameworks */,
				13B07F8E1A680F5B00A75B9A /* Resources */,
				00DD1BFF1BD5951E006B06BC /* Bundle React Native code and images */,
				00EEFC60759A1932668264C0 /* [CP] Embed Pods Frameworks */,
				E235C05ADACE081382539298 /* [CP] Copy Pods Resources */,
			);
			buildRules = (
			);
			dependencies = (
			);
			name = instatip;
			productName = instatip;
			productReference = 13B07F961A680F5B00A75B9A /* instatip.app */;
			productType = "com.apple.product-type.application";
		};
/* End PBXNativeTarget section */

/* Begin PBXProject section */
		83CBB9F71A601CBA00E9B192 /* Project object */ = {
			isa = PBXProject;
			attributes = {
				LastUpgradeCheck = 1210;
				TargetAttributes = {
					00E356ED1AD99517003FC87E = {
						CreatedOnToolsVersion = 6.2;
						TestTargetID = 13B07F861A680F5B00A75B9A;
					};
					13B07F861A680F5B00A75B9A = {
						LastSwiftMigration = 1120;
					};
				};
			};
			buildConfigurationList = 83CBB9FA1A601CBA00E9B192 /* Build configuration list for PBXProject "instatip" */;
			compatibilityVersion = "Xcode 12.0";
			developmentRegion = en;
			hasScannedForEncodings = 0;
			knownRegions = (
				en,
				Base,
			);
			mainGroup = 83CBB9F61A601CBA00E9B192;
			productRefGroup = 83CBBA001A601CBA00E9B192 /* Products */;
			projectDirPath = "";
			projectRoot = "";
			targets = (
				13B07F861A680F5B00A75B9A /* instatip */,
				00E356ED1AD99517003FC87E /* instatipTests */,
			);
		};
/* End PBXProject section */

/* Begin PBXResourcesBuildPhase section */
		00E356EC1AD99517003FC87E /* Resources */ = {
			isa = PBXResourcesBuildPhase;
			buildActionMask = 2147483647;
			files = (
			);
			runOnlyForDeploymentPostprocessing = 0;
		};
		13B07F8E1A680F5B00A75B9A /* Resources */ = {
			isa = PBXResourcesBuildPhase;
			buildActionMask = 2147483647;
			files = (
				81AB9BB82411601600AC10FF /* LaunchScreen.storyboard in Resources */,
				13B07FBF1A68108700A75B9A /* Images.xcassets in Resources */,
				74E040B870454EE8B3C94A8D /* Inter-ExtraBold.ttf in Resources */,
				1BB1C36711AD4276BD22E860 /* Inter-Italic.ttf in Resources */,
				239692D22A6147EB92B78887 /* Inter-Light.ttf in Resources */,
				5D967C0B5AA1444ABD2677A4 /* Inter-VariableFont.ttf in Resources */,
				032091C87BCC46DE9132B612 /* Outfit-Black.ttf in Resources */,
				936D0D26AD834C11B74A5575 /* Outfit-Bold.ttf in Resources */,
				58BA90718EE74C6C9B270404 /* Outfit-ExtraBold.ttf in Resources */,
				9037BFDE57904A0BAFD0CBC1 /* Outfit-ExtraLight.ttf in Resources */,
				E020E08327934CC0AB6C6AAC /* Outfit-Light.ttf in Resources */,
				C7CC86D900EB41F5B4934D8B /* Outfit-Medium.ttf in Resources */,
				C7FA8D42F0044E03AD8CF9B5 /* Outfit-Regular.ttf in Resources */,
				139B58C1249047CA8214A851 /* Outfit-SemiBold.ttf in Resources */,
				9A57B2670F5940E8A7AE741D /* Outfit-Thin.ttf in Resources */,
				04B553A775A040E4A7C0ECBE /* Outfit.ttf in Resources */,
				8E52467B14994056A848940C /* Inter-Italic-VariableFont_opsz,wght.ttf in Resources */,
				845A2F33CA5B4EB0BDA08BA7 /* Inter-VariableFont_opsz,wght.ttf in Resources */,
				EB5E78730CD74DE396CF2BD8 /* Inter_18pt-Black.ttf in Resources */,
				37C89A7C3C704B2E886313C3 /* Inter_18pt-BlackItalic.ttf in Resources */,
				85CE8ACF0DD746FDB299E943 /* Inter_18pt-Bold.ttf in Resources */,
				1FE5550CD63449F8B9CCB0F4 /* Inter_18pt-BoldItalic.ttf in Resources */,
				CCD47ADB030A4FBCA38DFCFE /* Inter_18pt-ExtraBold.ttf in Resources */,
				D22760E9B2A44060A0E8A94B /* Inter_18pt-ExtraBoldItalic.ttf in Resources */,
				91D4E7120537477C8C03EE51 /* Inter_18pt-ExtraLight.ttf in Resources */,
				D06C5329D2D1423798F60A4C /* Inter_18pt-ExtraLightItalic.ttf in Resources */,
				B3EB4216B88F4960A45275D4 /* Inter_18pt-Italic.ttf in Resources */,
				20C303FE12A645B596BD832A /* Inter_18pt-Light.ttf in Resources */,
				C25A338AFA024B78A052CB99 /* Inter_18pt-LightItalic.ttf in Resources */,
				ED1548F0026142CEAE739439 /* Inter_18pt-Medium.ttf in Resources */,
				B8B61E3B8BFC43A2A8B501A8 /* Inter_18pt-MediumItalic.ttf in Resources */,
				D9C988FEA4804DF1BBBBB6F2 /* Inter_18pt-Regular.ttf in Resources */,
				1E510351353140EE98C3C35E /* Inter_18pt-SemiBold.ttf in Resources */,
				E453247700CF4B01A3CDF83D /* Inter_18pt-SemiBoldItalic.ttf in Resources */,
				C77BFEE27960451BA840B0FF /* Inter_18pt-Thin.ttf in Resources */,
				8E57623863BA43AAAA7CB344 /* Inter_18pt-ThinItalic.ttf in Resources */,
				E8DC27AE64B1498689AF28D0 /* Inter_24pt-Black.ttf in Resources */,
				61A7DAABE7834A039A714B17 /* Inter_24pt-BlackItalic.ttf in Resources */,
				9F24B579F7F3459EB3C9CC05 /* Inter_24pt-Bold.ttf in Resources */,
				3A106947F87045D1893D48E2 /* Inter_24pt-BoldItalic.ttf in Resources */,
				E600669C74F54644A2C29773 /* Inter_24pt-ExtraBold.ttf in Resources */,
				C0CFBD525CFC4152B1D2B9AE /* Inter_24pt-ExtraBoldItalic.ttf in Resources */,
				050158C189A545CAA046479E /* Inter_24pt-ExtraLight.ttf in Resources */,
				CACC386F87CE4E3891236126 /* Inter_24pt-ExtraLightItalic.ttf in Resources */,
				E003DD50688842FBB054A7AB /* Inter_24pt-Italic.ttf in Resources */,
				22E527C0D8774E2E8CE98337 /* Inter_24pt-Light.ttf in Resources */,
				3F1461CBEB714EFEB954811F /* Inter_24pt-LightItalic.ttf in Resources */,
				92DC195F3B154B2DA55EFFB1 /* Inter_24pt-Medium.ttf in Resources */,
				E1C4DE9558BD4C29B08A2FB1 /* Inter_24pt-MediumItalic.ttf in Resources */,
				5DF28B9D39B24C52AB2CDA5F /* Inter_24pt-Regular.ttf in Resources */,
				3C75A666428D45F1BD04418D /* Inter_24pt-SemiBold.ttf in Resources */,
				59B8CB31C6C748ED925D2657 /* Inter_24pt-SemiBoldItalic.ttf in Resources */,
				ED52134D1A9042A3A4F7198D /* Inter_24pt-Thin.ttf in Resources */,
				04F05E918CA64819A8971909 /* Inter_24pt-ThinItalic.ttf in Resources */,
				5D698B8B5FF146ECA7E1B8E7 /* Inter_28pt-Black.ttf in Resources */,
				3B7FD7D34D8A455DBB538F31 /* Inter_28pt-BlackItalic.ttf in Resources */,
				B510382B5F19410CA4E9D9A8 /* Inter_28pt-Bold.ttf in Resources */,
				5E8D2D2E5294490E982E6709 /* Inter_28pt-BoldItalic.ttf in Resources */,
				37BF1F65CA624D9783234FF1 /* Inter_28pt-ExtraBold.ttf in Resources */,
				BE33740A94E74F17AD39C06B /* Inter_28pt-ExtraBoldItalic.ttf in Resources */,
				61F1D3E11B404E14ABC7AADF /* Inter_28pt-ExtraLight.ttf in Resources */,
				FA0AB2D0DA9844CCBC8C4EB0 /* Inter_28pt-ExtraLightItalic.ttf in Resources */,
				226B856B5FEF4156A51FC6D4 /* Inter_28pt-Italic.ttf in Resources */,
				A5E3D80A09C04049AD414F33 /* Inter_28pt-Light.ttf in Resources */,
				838FEC6D7A0E4F0B8B8E93F2 /* Inter_28pt-LightItalic.ttf in Resources */,
				3522D6B374B841108F52011D /* Inter_28pt-Medium.ttf in Resources */,
				CFE1E48561734B878988C1B2 /* Inter_28pt-MediumItalic.ttf in Resources */,
				E433877E24694528BCD33B35 /* Inter_28pt-Regular.ttf in Resources */,
				E841D010A63C40379EB28E39 /* Inter_28pt-SemiBold.ttf in Resources */,
				8E6CA1AACD8B492D8FCA2596 /* Inter_28pt-SemiBoldItalic.ttf in Resources */,
				35665B40F56A4FB49890623B /* Inter_28pt-Thin.ttf in Resources */,
				7F29EDC50FA24D4683B7D7C5 /* Inter_28pt-ThinItalic.ttf in Resources */,
				2D67647F51B3436987FF0BA4 /* Inter-Regular.ttf in Resources */,
				D4294E6D61904631B9E0E37A /* Inter-SemiBold.ttf in Resources */,
				F25CD961DACC4F808524B11A /* OFL.txt in Resources */,
				52F83E9FD02F43B5A6957E5C /* README.txt in Resources */,
			);
			runOnlyForDeploymentPostprocessing = 0;
		};
/* End PBXResourcesBuildPhase section */

/* Begin PBXShellScriptBuildPhase section */
		00DD1BFF1BD5951E006B06BC /* Bundle React Native code and images */ = {
			isa = PBXShellScriptBuildPhase;
			buildActionMask = 2147483647;
			files = (
			);
			inputPaths = (
				"$(SRCROOT)/.xcode.env.local",
				"$(SRCROOT)/.xcode.env",
			);
			name = "Bundle React Native code and images";
			outputPaths = (
			);
			runOnlyForDeploymentPostprocessing = 0;
			shellPath = /bin/sh;
			shellScript = "set -e\n\nWITH_ENVIRONMENT=\"$REACT_NATIVE_PATH/scripts/xcode/with-environment.sh\"\nREACT_NATIVE_XCODE=\"$REACT_NATIVE_PATH/scripts/react-native-xcode.sh\"\n\n/bin/sh -c \"$WITH_ENVIRONMENT $REACT_NATIVE_XCODE\"\n";
		};
		00EEFC60759A1932668264C0 /* [CP] Embed Pods Frameworks */ = {
			isa = PBXShellScriptBuildPhase;
			buildActionMask = 2147483647;
			files = (
			);
			inputFileListPaths = (
				"${PODS_ROOT}/Target Support Files/Pods-instatip/Pods-instatip-frameworks-${CONFIGURATION}-input-files.xcfilelist",
			);
			name = "[CP] Embed Pods Frameworks";
			outputFileListPaths = (
				"${PODS_ROOT}/Target Support Files/Pods-instatip/Pods-instatip-frameworks-${CONFIGURATION}-output-files.xcfilelist",
			);
			runOnlyForDeploymentPostprocessing = 0;
			shellPath = /bin/sh;
			shellScript = "\"${PODS_ROOT}/Target Support Files/Pods-instatip/Pods-instatip-frameworks.sh\"\n";
			showEnvVarsInLog = 0;
		};
		A55EABD7B0C7F3A422A6CC61 /* [CP] Check Pods Manifest.lock */ = {
			isa = PBXShellScriptBuildPhase;
			buildActionMask = 2147483647;
			files = (
			);
			inputFileListPaths = (
			);
			inputPaths = (
				"${PODS_PODFILE_DIR_PATH}/Podfile.lock",
				"${PODS_ROOT}/Manifest.lock",
			);
			name = "[CP] Check Pods Manifest.lock";
			outputFileListPaths = (
			);
			outputPaths = (
				"$(DERIVED_FILE_DIR)/Pods-instatip-instatipTests-checkManifestLockResult.txt",
			);
			runOnlyForDeploymentPostprocessing = 0;
			shellPath = /bin/sh;
			shellScript = "diff \"${PODS_PODFILE_DIR_PATH}/Podfile.lock\" \"${PODS_ROOT}/Manifest.lock\" > /dev/null\nif [ $? != 0 ] ; then\n    # print error to STDERR\n    echo \"error: The sandbox is not in sync with the Podfile.lock. Run 'pod install' or update your CocoaPods installation.\" >&2\n    exit 1\nfi\n# This output is used by Xcode 'outputs' to avoid re-running this script phase.\necho \"SUCCESS\" > \"${SCRIPT_OUTPUT_FILE_0}\"\n";
			showEnvVarsInLog = 0;
		};
		C38B50BA6285516D6DCD4F65 /* [CP] Check Pods Manifest.lock */ = {
			isa = PBXShellScriptBuildPhase;
			buildActionMask = 2147483647;
			files = (
			);
			inputFileListPaths = (
			);
			inputPaths = (
				"${PODS_PODFILE_DIR_PATH}/Podfile.lock",
				"${PODS_ROOT}/Manifest.lock",
			);
			name = "[CP] Check Pods Manifest.lock";
			outputFileListPaths = (
			);
			outputPaths = (
				"$(DERIVED_FILE_DIR)/Pods-instatip-checkManifestLockResult.txt",
			);
			runOnlyForDeploymentPostprocessing = 0;
			shellPath = /bin/sh;
			shellScript = "diff \"${PODS_PODFILE_DIR_PATH}/Podfile.lock\" \"${PODS_ROOT}/Manifest.lock\" > /dev/null\nif [ $? != 0 ] ; then\n    # print error to STDERR\n    echo \"error: The sandbox is not in sync with the Podfile.lock. Run 'pod install' or update your CocoaPods installation.\" >&2\n    exit 1\nfi\n# This output is used by Xcode 'outputs' to avoid re-running this script phase.\necho \"SUCCESS\" > \"${SCRIPT_OUTPUT_FILE_0}\"\n";
			showEnvVarsInLog = 0;
		};
		C59DA0FBD6956966B86A3779 /* [CP] Embed Pods Frameworks */ = {
			isa = PBXShellScriptBuildPhase;
			buildActionMask = 2147483647;
			files = (
			);
			inputFileListPaths = (
				"${PODS_ROOT}/Target Support Files/Pods-instatip-instatipTests/Pods-instatip-instatipTests-frameworks-${CONFIGURATION}-input-files.xcfilelist",
			);
			name = "[CP] Embed Pods Frameworks";
			outputFileListPaths = (
				"${PODS_ROOT}/Target Support Files/Pods-instatip-instatipTests/Pods-instatip-instatipTests-frameworks-${CONFIGURATION}-output-files.xcfilelist",
			);
			runOnlyForDeploymentPostprocessing = 0;
			shellPath = /bin/sh;
			shellScript = "\"${PODS_ROOT}/Target Support Files/Pods-instatip-instatipTests/Pods-instatip-instatipTests-frameworks.sh\"\n";
			showEnvVarsInLog = 0;
		};
		E235C05ADACE081382539298 /* [CP] Copy Pods Resources */ = {
			isa = PBXShellScriptBuildPhase;
			buildActionMask = 2147483647;
			files = (
			);
			inputFileListPaths = (
				"${PODS_ROOT}/Target Support Files/Pods-instatip/Pods-instatip-resources-${CONFIGURATION}-input-files.xcfilelist",
			);
			name = "[CP] Copy Pods Resources";
			outputFileListPaths = (
				"${PODS_ROOT}/Target Support Files/Pods-instatip/Pods-instatip-resources-${CONFIGURATION}-output-files.xcfilelist",
			);
			runOnlyForDeploymentPostprocessing = 0;
			shellPath = /bin/sh;
			shellScript = "\"${PODS_ROOT}/Target Support Files/Pods-instatip/Pods-instatip-resources.sh\"\n";
			showEnvVarsInLog = 0;
		};
		F6A41C54EA430FDDC6A6ED99 /* [CP] Copy Pods Resources */ = {
			isa = PBXShellScriptBuildPhase;
			buildActionMask = 2147483647;
			files = (
			);
			inputFileListPaths = (
				"${PODS_ROOT}/Target Support Files/Pods-instatip-instatipTests/Pods-instatip-instatipTests-resources-${CONFIGURATION}-input-files.xcfilelist",
			);
			name = "[CP] Copy Pods Resources";
			outputFileListPaths = (
				"${PODS_ROOT}/Target Support Files/Pods-instatip-instatipTests/Pods-instatip-instatipTests-resources-${CONFIGURATION}-output-files.xcfilelist",
			);
			runOnlyForDeploymentPostprocessing = 0;
			shellPath = /bin/sh;
			shellScript = "\"${PODS_ROOT}/Target Support Files/Pods-instatip-instatipTests/Pods-instatip-instatipTests-resources.sh\"\n";
			showEnvVarsInLog = 0;
		};
/* End PBXShellScriptBuildPhase section */

/* Begin PBXSourcesBuildPhase section */
		00E356EA1AD99517003FC87E /* Sources */ = {
			isa = PBXSourcesBuildPhase;
			buildActionMask = 2147483647;
			files = (
				00E356F31AD99517003FC87E /* instatipTests.m in Sources */,
			);
			runOnlyForDeploymentPostprocessing = 0;
		};
		13B07F871A680F5B00A75B9A /* Sources */ = {
			isa = PBXSourcesBuildPhase;
			buildActionMask = 2147483647;
			files = (
				13B07FBC1A68108700A75B9A /* AppDelegate.mm in Sources */,
				13B07FC11A68108700A75B9A /* main.m in Sources */,
			);
			runOnlyForDeploymentPostprocessing = 0;
		};
/* End PBXSourcesBuildPhase section */

/* Begin PBXTargetDependency section */
		00E356F51AD99517003FC87E /* PBXTargetDependency */ = {
			isa = PBXTargetDependency;
			target = 13B07F861A680F5B00A75B9A /* instatip */;
			targetProxy = 00E356F41AD99517003FC87E /* PBXContainerItemProxy */;
		};
/* End PBXTargetDependency section */

/* Begin XCBuildConfiguration section */
		00E356F61AD99517003FC87E /* Debug */ = {
			isa = XCBuildConfiguration;
			baseConfigurationReference = 5B7EB9410499542E8C5724F5 /* Pods-instatip-instatipTests.debug.xcconfig */;
			buildSettings = {
				BUNDLE_LOADER = "$(TEST_HOST)";
				GCC_PREPROCESSOR_DEFINITIONS = (
					"DEBUG=1",
					"$(inherited)",
				);
				INFOPLIST_FILE = instatipTests/Info.plist;
				IPHONEOS_DEPLOYMENT_TARGET = 13.4;
				LD_RUNPATH_SEARCH_PATHS = (
					"$(inherited)",
					"@executable_path/Frameworks",
					"@loader_path/Frameworks",
				);
				OTHER_LDFLAGS = (
					"-ObjC",
					"-lc++",
					"$(inherited)",
				);
				PRODUCT_BUNDLE_IDENTIFIER = "org.reactjs.native.example.$(PRODUCT_NAME:rfc1034identifier)";
				PRODUCT_NAME = "$(TARGET_NAME)";
				TEST_HOST = "$(BUILT_PRODUCTS_DIR)/instatip.app/instatip";
			};
			name = Debug;
		};
		00E356F71AD99517003FC87E /* Release */ = {
			isa = XCBuildConfiguration;
			baseConfigurationReference = 89C6BE57DB24E9ADA2F236DE /* Pods-instatip-instatipTests.release.xcconfig */;
			buildSettings = {
				BUNDLE_LOADER = "$(TEST_HOST)";
				COPY_PHASE_STRIP = NO;
				INFOPLIST_FILE = instatipTests/Info.plist;
				IPHONEOS_DEPLOYMENT_TARGET = 13.4;
				LD_RUNPATH_SEARCH_PATHS = (
					"$(inherited)",
					"@executable_path/Frameworks",
					"@loader_path/Frameworks",
				);
				OTHER_LDFLAGS = (
					"-ObjC",
					"-lc++",
					"$(inherited)",
				);
				PRODUCT_BUNDLE_IDENTIFIER = "org.reactjs.native.example.$(PRODUCT_NAME:rfc1034identifier)";
				PRODUCT_NAME = "$(TARGET_NAME)";
				TEST_HOST = "$(BUILT_PRODUCTS_DIR)/instatip.app/instatip";
			};
			name = Release;
		};
		13B07F941A680F5B00A75B9A /* Debug */ = {
			isa = XCBuildConfiguration;
			baseConfigurationReference = 3B4392A12AC88292D35C810B /* Pods-instatip.debug.xcconfig */;
			buildSettings = {
				ASSETCATALOG_COMPILER_APPICON_NAME = AppIcon;
				CLANG_ENABLE_MODULES = YES;
				CURRENT_PROJECT_VERSION = 1;
				ENABLE_BITCODE = NO;
				INFOPLIST_FILE = instatip/Info.plist;
				LD_RUNPATH_SEARCH_PATHS = (
					"$(inherited)",
					"@executable_path/Frameworks",
				);
				MARKETING_VERSION = 1.0;
				OTHER_LDFLAGS = (
					"$(inherited)",
					"-ObjC",
					"-lc++",
				);
				PRODUCT_BUNDLE_IDENTIFIER = "org.reactjs.native.example.$(PRODUCT_NAME:rfc1034identifier)";
				PRODUCT_NAME = instatip;
				SWIFT_OPTIMIZATION_LEVEL = "-Onone";
				SWIFT_VERSION = 5.0;
				VERSIONING_SYSTEM = "apple-generic";
			};
			name = Debug;
		};
		13B07F951A680F5B00A75B9A /* Release */ = {
			isa = XCBuildConfiguration;
			baseConfigurationReference = 5709B34CF0A7D63546082F79 /* Pods-instatip.release.xcconfig */;
			buildSettings = {
				ASSETCATALOG_COMPILER_APPICON_NAME = AppIcon;
				CLANG_ENABLE_MODULES = YES;
				CURRENT_PROJECT_VERSION = 1;
				INFOPLIST_FILE = instatip/Info.plist;
				LD_RUNPATH_SEARCH_PATHS = (
					"$(inherited)",
					"@executable_path/Frameworks",
				);
				MARKETING_VERSION = 1.0;
				OTHER_LDFLAGS = (
					"$(inherited)",
					"-ObjC",
					"-lc++",
				);
				PRODUCT_BUNDLE_IDENTIFIER = "org.reactjs.native.example.$(PRODUCT_NAME:rfc1034identifier)";
				PRODUCT_NAME = instatip;
				SWIFT_VERSION = 5.0;
				VERSIONING_SYSTEM = "apple-generic";
			};
			name = Release;
		};
		83CBBA201A601CBA00E9B192 /* Debug */ = {
			isa = XCBuildConfiguration;
			buildSettings = {
				ALWAYS_SEARCH_USER_PATHS = NO;
				CLANG_ANALYZER_LOCALIZABILITY_NONLOCALIZED = YES;
				CLANG_CXX_LANGUAGE_STANDARD = "c++20";
				CLANG_CXX_LIBRARY = "libc++";
				CLANG_ENABLE_MODULES = YES;
				CLANG_ENABLE_OBJC_ARC = YES;
				CLANG_WARN_BLOCK_CAPTURE_AUTORELEASING = YES;
				CLANG_WARN_BOOL_CONVERSION = YES;
				CLANG_WARN_COMMA = YES;
				CLANG_WARN_CONSTANT_CONVERSION = YES;
				CLANG_WARN_DEPRECATED_OBJC_IMPLEMENTATIONS = YES;
				CLANG_WARN_DIRECT_OBJC_ISA_USAGE = YES_ERROR;
				CLANG_WARN_EMPTY_BODY = YES;
				CLANG_WARN_ENUM_CONVERSION = YES;
				CLANG_WARN_INFINITE_RECURSION = YES;
				CLANG_WARN_INT_CONVERSION = YES;
				CLANG_WARN_NON_LITERAL_NULL_CONVERSION = YES;
				CLANG_WARN_OBJC_IMPLICIT_RETAIN_SELF = YES;
				CLANG_WARN_OBJC_LITERAL_CONVERSION = YES;
				CLANG_WARN_OBJC_ROOT_CLASS = YES_ERROR;
				CLANG_WARN_QUOTED_INCLUDE_IN_FRAMEWORK_HEADER = YES;
				CLANG_WARN_RANGE_LOOP_ANALYSIS = YES;
				CLANG_WARN_STRICT_PROTOTYPES = YES;
				CLANG_WARN_SUSPICIOUS_MOVE = YES;
				CLANG_WARN_UNREACHABLE_CODE = YES;
				CLANG_WARN__DUPLICATE_METHOD_MATCH = YES;
				"CODE_SIGN_IDENTITY[sdk=iphoneos*]" = "iPhone Developer";
				COPY_PHASE_STRIP = NO;
				ENABLE_STRICT_OBJC_MSGSEND = YES;
				ENABLE_TESTABILITY = YES;
				"EXCLUDED_ARCHS[sdk=iphonesimulator*]" = "";
				GCC_C_LANGUAGE_STANDARD = gnu99;
				GCC_DYNAMIC_NO_PIC = NO;
				GCC_NO_COMMON_BLOCKS = YES;
				GCC_OPTIMIZATION_LEVEL = 0;
				GCC_PREPROCESSOR_DEFINITIONS = (
					"DEBUG=1",
					"$(inherited)",
				);
				GCC_SYMBOLS_PRIVATE_EXTERN = NO;
				GCC_WARN_64_TO_32_BIT_CONVERSION = YES;
				GCC_WARN_ABOUT_RETURN_TYPE = YES_ERROR;
				GCC_WARN_UNDECLARED_SELECTOR = YES;
				GCC_WARN_UNINITIALIZED_AUTOS = YES_AGGRESSIVE;
				GCC_WARN_UNUSED_FUNCTION = YES;
				GCC_WARN_UNUSED_VARIABLE = YES;
				IPHONEOS_DEPLOYMENT_TARGET = 13.4;
				LD_RUNPATH_SEARCH_PATHS = (
					/usr/lib/swift,
					"$(inherited)",
				);
				LIBRARY_SEARCH_PATHS = (
					"\"$(SDKROOT)/usr/lib/swift\"",
					"\"$(TOOLCHAIN_DIR)/usr/lib/swift/$(PLATFORM_NAME)\"",
					"\"$(inherited)\"",
				);
				MTL_ENABLE_DEBUG_INFO = YES;
				ONLY_ACTIVE_ARCH = YES;
				OTHER_CPLUSPLUSFLAGS = (
					"$(OTHER_CFLAGS)",
					"-DFOLLY_NO_CONFIG",
					"-DFOLLY_MOBILE=1",
					"-DFOLLY_USE_LIBCPP=1",
					"-DFOLLY_CFG_NO_COROUTINES=1",
					"-DFOLLY_HAVE_CLOCK_GETTIME=1",
				);
				SDKROOT = iphoneos;
			};
			name = Debug;
		};
		83CBBA211A601CBA00E9B192 /* Release */ = {
			isa = XCBuildConfiguration;
			buildSettings = {
				ALWAYS_SEARCH_USER_PATHS = NO;
				CLANG_ANALYZER_LOCALIZABILITY_NONLOCALIZED = YES;
				CLANG_CXX_LANGUAGE_STANDARD = "c++20";
				CLANG_CXX_LIBRARY = "libc++";
				CLANG_ENABLE_MODULES = YES;
				CLANG_ENABLE_OBJC_ARC = YES;
				CLANG_WARN_BLOCK_CAPTURE_AUTORELEASING = YES;
				CLANG_WARN_BOOL_CONVERSION = YES;
				CLANG_WARN_COMMA = YES;
				CLANG_WARN_CONSTANT_CONVERSION = YES;
				CLANG_WARN_DEPRECATED_OBJC_IMPLEMENTATIONS = YES;
				CLANG_WARN_DIRECT_OBJC_ISA_USAGE = YES_ERROR;
				CLANG_WARN_EMPTY_BODY = YES;
				CLANG_WARN_ENUM_CONVERSION = YES;
				CLANG_WARN_INFINITE_RECURSION = YES;
				CLANG_WARN_INT_CONVERSION = YES;
				CLANG_WARN_NON_LITERAL_NULL_CONVERSION = YES;
				CLANG_WARN_OBJC_IMPLICIT_RETAIN_SELF = YES;
				CLANG_WARN_OBJC_LITERAL_CONVERSION = YES;
				CLANG_WARN_OBJC_ROOT_CLASS = YES_ERROR;
				CLANG_WARN_QUOTED_INCLUDE_IN_FRAMEWORK_HEADER = YES;
				CLANG_WARN_RANGE_LOOP_ANALYSIS = YES;
				CLANG_WARN_STRICT_PROTOTYPES = YES;
				CLANG_WARN_SUSPICIOUS_MOVE = YES;
				CLANG_WARN_UNREACHABLE_CODE = YES;
				CLANG_WARN__DUPLICATE_METHOD_MATCH = YES;
				"CODE_SIGN_IDENTITY[sdk=iphoneos*]" = "iPhone Developer";
				COPY_PHASE_STRIP = YES;
				ENABLE_NS_ASSERTIONS = NO;
				ENABLE_STRICT_OBJC_MSGSEND = YES;
				"EXCLUDED_ARCHS[sdk=iphonesimulator*]" = "";
				GCC_C_LANGUAGE_STANDARD = gnu99;
				GCC_NO_COMMON_BLOCKS = YES;
				GCC_WARN_64_TO_32_BIT_CONVERSION = YES;
				GCC_WARN_ABOUT_RETURN_TYPE = YES_ERROR;
				GCC_WARN_UNDECLARED_SELECTOR = YES;
				GCC_WARN_UNINITIALIZED_AUTOS = YES_AGGRESSIVE;
				GCC_WARN_UNUSED_FUNCTION = YES;
				GCC_WARN_UNUSED_VARIABLE = YES;
				IPHONEOS_DEPLOYMENT_TARGET = 13.4;
				LD_RUNPATH_SEARCH_PATHS = (
					/usr/lib/swift,
					"$(inherited)",
				);
				LIBRARY_SEARCH_PATHS = (
					"\"$(SDKROOT)/usr/lib/swift\"",
					"\"$(TOOLCHAIN_DIR)/usr/lib/swift/$(PLATFORM_NAME)\"",
					"\"$(inherited)\"",
				);
				MTL_ENABLE_DEBUG_INFO = NO;
				OTHER_CPLUSPLUSFLAGS = (
					"$(OTHER_CFLAGS)",
					"-DFOLLY_NO_CONFIG",
					"-DFOLLY_MOBILE=1",
					"-DFOLLY_USE_LIBCPP=1",
					"-DFOLLY_CFG_NO_COROUTINES=1",
					"-DFOLLY_HAVE_CLOCK_GETTIME=1",
				);
				SDKROOT = iphoneos;
				VALIDATE_PRODUCT = YES;
			};
			name = Release;
		};
/* End XCBuildConfiguration section */

/* Begin XCConfigurationList section */
		00E357021AD99517003FC87E /* Build configuration list for PBXNativeTarget "instatipTests" */ = {
			isa = XCConfigurationList;
			buildConfigurations = (
				00E356F61AD99517003FC87E /* Debug */,
				00E356F71AD99517003FC87E /* Release */,
			);
			defaultConfigurationIsVisible = 0;
			defaultConfigurationName = Release;
		};
		13B07F931A680F5B00A75B9A /* Build configuration list for PBXNativeTarget "instatip" */ = {
			isa = XCConfigurationList;
			buildConfigurations = (
				13B07F941A680F5B00A75B9A /* Debug */,
				13B07F951A680F5B00A75B9A /* Release */,
			);
			defaultConfigurationIsVisible = 0;
			defaultConfigurationName = Release;
		};
		83CBB9FA1A601CBA00E9B192 /* Build configuration list for PBXProject "instatip" */ = {
			isa = XCConfigurationList;
			buildConfigurations = (
				83CBBA201A601CBA00E9B192 /* Debug */,
				83CBBA211A601CBA00E9B192 /* Release */,
			);
			defaultConfigurationIsVisible = 0;
			defaultConfigurationName = Release;
		};
/* End XCConfigurationList section */
	};
	rootObject = 83CBB9F71A601CBA00E9B192 /* Project object */;
}
